{
  "nodes": {
    "home-manager": {
      "inputs": {
        "nixpkgs": [
          "zen-browser",
          "nixpkgs"
        ]
      },
      "locked": {
        "lastModified": 1781497404,
        "narHash": "sha256-9GAF8sSsnkyCVCWkomXR0T+zdSxyUlfPt6neQidimdg=",
        "owner": "nix-community",
        "repo": "home-manager",
        "rev": "1285cd3d6882a9847f2d56ed5541b3350c8a6162",
        "type": "github"
      },
      "original": {
        "owner": "nix-community",
        "repo": "home-manager",
        "type": "github"
      }
    },
    "kanden-website": {
      "inputs": {
        "nixpkgs": [
          "nixpkgs"
        ]
      },
      "locked": {
        "lastModified": 1782762524,
        "narHash": "sha256-6TD+RXJZwOKNKxBgq3h/D4AoB+hyER2jLD5jQeV6IX4=",
        "ref": "refs/heads/main",
        "rev": "68b45a46fd5a7109c2beccab8fa898a4575f29fe",
        "revCount": 19,
        "type": "git",
        "url": "https://git.kanden.me/website"
      },
      "original": {
        "type": "git",
        "url": "https://git.kanden.me/website"
      }
    },
    "nh": {
      "inputs": {
        "nixpkgs": [
          "nixpkgs"
        ]
      },
      "locked": {
        "lastModified": 1782359081,
        "narHash": "sha256-k+kNdKDAZ/yvUyAyuXscvq0wiPxfVS5swBNlf0IQ2Xs=",
        "owner": "nix-community",
        "repo": "nh",
        "rev": "3cae809fe2c2dbe136793de5b5cac0cc1a49cd60",
        "type": "github"
      },
      "original": {
        "owner": "nix-community",
        "repo": "nh",
        "type": "github"
      }
    },
    "nix-index": {
      "inputs": {
        "nixpkgs": [
          "nixpkgs"
        ]
      },
      "locked": {
        "lastModified": 1782030356,
        "narHash": "sha256-h4WpMr455AfRub0FXBaon6Vcpe0waUyJ4GivIW6oyd4=",
        "owner": "nix-community",
        "repo": "nix-index-database",
        "rev": "3017088b49efd404f78e3b104f553b97e4af786b",
        "type": "github"
      },
      "original": {
        "owner": "nix-community",
        "repo": "nix-index-database",
        "type": "github"
      }
    },
    "nixpkgs": {
      "locked": {
        "lastModified": 1782467914,
        "narHash": "sha256-pGvFkM8N0xEkIIXDe5YYfbEAvHrk4IxBrjB/x8OomhE=",
        "owner": "nixos",
        "repo": "nixpkgs",
        "rev": "e73de5be04e0eff4190a1432b946d469c794e7b4",
        "type": "github"
      },
      "original": {
        "owner": "nixos",
        "ref": "nixos-unstable",
        "repo": "nixpkgs",
        "type": "github"
      }
    },
    "nixpkgs-stable": {
      "locked": {
        "lastModified": 1782233679,
        "narHash": "sha256-QyuGP5+QOtmXpy4i2X4DhBVBaySBdDKQEhqKcphcp34=",
        "owner": "nixos",
        "repo": "nixpkgs",
        "rev": "667d5cf1c59585031d743c78b394b0a647537c35",
        "type": "github"
      },
      "original": {
        "owner": "nixos",
        "ref": "nixos-26.05",
        "repo": "nixpkgs",
        "type": "github"
      }
    },
    "root": {
      "inputs": {
        "kanden-website": "kanden-website",
        "nh": "nh",
        "nix-index": "nix-index",
        "nixpkgs": "nixpkgs",
        "nixpkgs-stable": "nixpkgs-stable",
        "sops-nix": "sops-nix",
        "zen-browser": "zen-browser"
      }
    },
    "sops-nix": {
      "inputs": {
        "nixpkgs": [
          "nixpkgs"
        ]
      },
      "locked": {
        "lastModified": 1782165805,
        "narHash": "sha256-478kKQBvK6SYTOdN2h9jhKJv94nbXRbFMfuL1WshErg=",
        "owner": "mic92",
        "repo": "sops-nix",
        "rev": "56b24064fdcaedca53553b1a6d607fd23b613a24",
        "type": "github"
      },
      "original": {
        "owner": "mic92",
        "repo": "sops-nix",
        "type": "github"
      }
    },
    "zen-browser": {
      "inputs": {
        "home-manager": "home-manager",
        "nixpkgs": [
          "nixpkgs"
        ]
      },
      "locked": {
        "lastModified": 1782460457,
        "narHash": "sha256-R3EXRxLmv1uqMtacBi0L8gUCOWC6EpCPSXebf8e+vac=",
        "owner": "0xc000022070",
        "repo": "zen-browser-flake",
        "rev": "563e515460b6c3bb68552979e3abbca447f8aaf1",
        "type": "github"
      },
      "original": {
        "owner": "0xc000022070",
        "repo": "zen-browser-flake",
        "type": "github"
      }
    }
  },
  "root": "root",
  "version": 7
}
